
Microsoft Visual Studio Solution File, Format Version 12.00
# Visual Studio Version 16
VisualStudioVersion = 16.0.808.4
MinimumVisualStudioVersion = 10.0.40219.1
Project("{FAE04EC0-301F-11D3-BF4B-00C04F79EFBC}") = "PKBlog", "PKBlog\PKBlog.csproj", "{B8F3B9AB-A534-4FF5-9E1A-36FC3FA2DC65}"
EndProject
Global
	GlobalSection(SolutionConfigurationPlatforms) = preSolution
		Debug|Any CPU = Debug|Any CPU
		Release|Any CPU = Release|Any CPU
	EndGlobalSection
	GlobalSection(ProjectConfigurationPlatforms) = postSolution
		{B8F3B9AB-A534-4FF5-9E1A-36FC3FA2DC65}.Debug|Any CPU.ActiveCfg = Debug|Any CPU
		{B8F3B9AB-A534-4FF5-9E1A-36FC3FA2DC65}.Debug|Any CPU.Build.0 = Debug|Any CPU
		{B8F3B9AB-A534-4FF5-9E1A-36FC3FA2DC65}.Release|Any CPU.ActiveCfg = Release|Any CPU
		{B8F3B9AB-A534-4FF5-9E1A-36FC3FA2DC65}.Release|Any CPU.Build.0 = Release|Any CPU
	EndGlobalSection
	GlobalSection(SolutionProperties) = preSolution
		HideSolutionNode = FALSE
	EndGlobalSection
	GlobalSection(ExtensibilityGlobals) = postSolution
		SolutionGuid = {6BDE5F5F-D8A9-4652-9B45-2AD295A2B840}
	EndGlobalSection
EndGlobal
